
Microsoft Visual Studio Solution File, Format Version 12.00
# Visual Studio 15
VisualStudioVersion = 15.0.26124.0
MinimumVisualStudioVersion = 15.0.26124.0
Project("{FAE04EC0-301F-11D3-BF4B-00C04F79EFBC}") = "StarTrak.Service.Gps", "StarTrak.Service.Gps\StarTrak.Service.Gps.csproj", "{AA28C43A-DE45-43EC-85AD-668764115F6D}"
EndProject
Project("{FAE04EC0-301F-11D3-BF4B-00C04F79EFBC}") = "StarTrak.ReciveTest", "StarTrak.ReciveTest\StarTrak.ReciveTest.csproj", "{E2BC6CE7-04A9-4AF0-A35B-FC8B15E221DC}"
EndProject
Global
	GlobalSection(SolutionConfigurationPlatforms) = preSolution
		Debug|Any CPU = Debug|Any CPU
		Debug|x64 = Debug|x64
		Debug|x86 = Debug|x86
		Release|Any CPU = Release|Any CPU
		Release|x64 = Release|x64
		Release|x86 = Release|x86
	EndGlobalSection
	GlobalSection(SolutionProperties) = preSolution
		HideSolutionNode = FALSE
	EndGlobalSection
	GlobalSection(ProjectConfigurationPlatforms) = postSolution
		{AA28C43A-DE45-43EC-85AD-668764115F6D}.Debug|Any CPU.ActiveCfg = Debug|Any CPU
		{AA28C43A-DE45-43EC-85AD-668764115F6D}.Debug|Any CPU.Build.0 = Debug|Any CPU
		{AA28C43A-DE45-43EC-85AD-668764115F6D}.Debug|x64.ActiveCfg = Debug|Any CPU
		{AA28C43A-DE45-43EC-85AD-668764115F6D}.Debug|x64.Build.0 = Debug|Any CPU
		{AA28C43A-DE45-43EC-85AD-668764115F6D}.Debug|x86.ActiveCfg = Debug|Any CPU
		{AA28C43A-DE45-43EC-85AD-668764115F6D}.Debug|x86.Build.0 = Debug|Any CPU
		{AA28C43A-DE45-43EC-85AD-668764115F6D}.Release|Any CPU.ActiveCfg = Release|Any CPU
		{AA28C43A-DE45-43EC-85AD-668764115F6D}.Release|Any CPU.Build.0 = Release|Any CPU
		{AA28C43A-DE45-43EC-85AD-668764115F6D}.Release|x64.ActiveCfg = Release|Any CPU
		{AA28C43A-DE45-43EC-85AD-668764115F6D}.Release|x64.Build.0 = Release|Any CPU
		{AA28C43A-DE45-43EC-85AD-668764115F6D}.Release|x86.ActiveCfg = Release|Any CPU
		{AA28C43A-DE45-43EC-85AD-668764115F6D}.Release|x86.Build.0 = Release|Any CPU
		{E2BC6CE7-04A9-4AF0-A35B-FC8B15E221DC}.Debug|Any CPU.ActiveCfg = Debug|Any CPU
		{E2BC6CE7-04A9-4AF0-A35B-FC8B15E221DC}.Debug|Any CPU.Build.0 = Debug|Any CPU
		{E2BC6CE7-04A9-4AF0-A35B-FC8B15E221DC}.Debug|x64.ActiveCfg = Debug|Any CPU
		{E2BC6CE7-04A9-4AF0-A35B-FC8B15E221DC}.Debug|x64.Build.0 = Debug|Any CPU
		{E2BC6CE7-04A9-4AF0-A35B-FC8B15E221DC}.Debug|x86.ActiveCfg = Debug|Any CPU
		{E2BC6CE7-04A9-4AF0-A35B-FC8B15E221DC}.Debug|x86.Build.0 = Debug|Any CPU
		{E2BC6CE7-04A9-4AF0-A35B-FC8B15E221DC}.Release|Any CPU.ActiveCfg = Release|Any CPU
		{E2BC6CE7-04A9-4AF0-A35B-FC8B15E221DC}.Release|Any CPU.Build.0 = Release|Any CPU
		{E2BC6CE7-04A9-4AF0-A35B-FC8B15E221DC}.Release|x64.ActiveCfg = Release|Any CPU
		{E2BC6CE7-04A9-4AF0-A35B-FC8B15E221DC}.Release|x64.Build.0 = Release|Any CPU
		{E2BC6CE7-04A9-4AF0-A35B-FC8B15E221DC}.Release|x86.ActiveCfg = Release|Any CPU
		{E2BC6CE7-04A9-4AF0-A35B-FC8B15E221DC}.Release|x86.Build.0 = Release|Any CPU
	EndGlobalSection
EndGlobal
